<?xml version="1.0" encoding="utf-8"?>
<Project ToolsVersion="4.0" xmlns="http://schemas.microsoft.com/developer/msbuild/2003">
  <ItemGroup>
    <Filter Include="Source Files">
      <UniqueIdentifier>{4FC737F1-C7A5-4376-A066-2A32D752A2FF}</UniqueIdentifier>
      <Extensions>cpp;c;cc;cxx;def;odl;idl;hpj;bat;asm;asmx</Extensions>
    </Filter>
    <Filter Include="Header Files">
      <UniqueIdentifier>{93995380-89BD-4b04-88EB-625FBE52EBFB}</UniqueIdentifier>
      <Extensions>h;hpp;hxx;hm;inl;inc;xsd</Extensions>
    </Filter>
    <Filter Include="Resource Files">
      <UniqueIdentifier>{67DA6AB6-F800-4c08-8B7A-83BB121AAD01}</UniqueIdentifier>
      <Extensions>rc;ico;cur;bmp;dlg;rc2;rct;bin;rgs;gif;jpg;jpeg;jpe;resx;tiff;tif;png;wav;mfcribbon-ms</Extensions>
    </Filter>
    <Filter Include="Source Files\crag">
      <UniqueIdentifier>{f7898fe1-d5f4-4a11-be1d-ffec79d67d21}</UniqueIdentifier>
    </Filter>
    <Filter Include="Source Files\crag\core">
      <UniqueIdentifier>{21fc62f5-1076-41d8-81fe-5117b25cef32}</UniqueIdentifier>
    </Filter>
    <Filter Include="Source Files\crag\gfx">
      <UniqueIdentifier>{73bc819d-b214-417e-90d6-77fddfe858b2}</UniqueIdentifier>
    </Filter>
    <Filter Include="Source Files\crag\glpp">
      <UniqueIdentifier>{45d5ab7e-7344-49ca-8945-da2f42c5061a}</UniqueIdentifier>
    </Filter>
    <Filter Include="Source Files\crag\form">
      <UniqueIdentifier>{39190a52-bdd4-4b84-ab0c-32b865193e01}</UniqueIdentifier>
    </Filter>
    <Filter Include="Source Files\crag\sim">
      <UniqueIdentifier>{8a0f65dc-1491-4db1-b8a2-925b5f97e32a}</UniqueIdentifier>
    </Filter>
    <Filter Include="Source Files\crag\app">
      <UniqueIdentifier>{405faefe-9b58-441f-9dd0-694c82ea5db5}</UniqueIdentifier>
    </Filter>
  </ItemGroup>
  <ItemGroup>
    <ClInclude Include="..\..\src\crag\core\Circle2.h">
      <Filter>Source Files\crag\core</Filter>
    </ClInclude>
    <ClInclude Include="..\..\src\crag\core\ConfigEntry.h">
      <Filter>Source Files\crag\core</Filter>
    </ClInclude>
    <ClInclude Include="..\..\src\crag\core\ConfigManager.h">
      <Filter>Source Files\crag\core</Filter>
    </ClInclude>
    <ClInclude Include="..\..\src\crag\core\debug.h">
      <Filter>Source Files\crag\core</Filter>
    </ClInclude>
    <ClInclude Include="..\..\src\crag\core\floatOps.h">
      <Filter>Source Files\crag\core</Filter>
    </ClInclude>
    <ClInclude Include="..\..\src\crag\core\Matrix4.h">
      <Filter>Source Files\crag\core</Filter>
    </ClInclude>
    <ClInclude Include="..\..\src\crag\core\Matrix.h">
      <Filter>Source Files\crag\core</Filter>
    </ClInclude>
    <ClInclude Include="..\..\src\crag\core\MatrixOps.h">
      <Filter>Source Files\crag\core</Filter>
    </ClInclude>
    <ClInclude Include="..\..\src\crag\core\memory.h">
      <Filter>Source Files\crag\core</Filter>
    </ClInclude>
    <ClInclude Include="..\..\src\crag\core\NSphere.h">
      <Filter>Source Files\crag\core</Filter>
    </ClInclude>
    <ClInclude Include="..\..\src\crag\core\Pool.h">
      <Filter>Source Files\crag\core</Filter>
    </ClInclude>
    <ClInclude Include="..\..\src\crag\core\Random.h">
      <Filter>Source Files\crag\core</Filter>
    </ClInclude>
    <ClInclude Include="..\..\src\crag\core\Singleton.h">
      <Filter>Source Files\crag\core</Filter>
    </ClInclude>
    <ClInclude Include="..\..\src\crag\core\Sphere3.h">
      <Filter>Source Files\crag\core</Filter>
    </ClInclude>
    <ClInclude Include="..\..\src\crag\core\Sphere.h">
      <Filter>Source Files\crag\core</Filter>
    </ClInclude>
    <ClInclude Include="..\..\src\crag\core\SphereOps.h">
      <Filter>Source Files\crag\core</Filter>
    </ClInclude>
    <ClInclude Include="..\..\src\crag\core\Thread.h">
      <Filter>Source Files\crag\core</Filter>
    </ClInclude>
    <ClInclude Include="..\..\src\crag\core\Vector2.h">
      <Filter>Source Files\crag\core</Filter>
    </ClInclude>
    <ClInclude Include="..\..\src\crag\core\Vector3.h">
      <Filter>Source Files\crag\core</Filter>
    </ClInclude>
    <ClInclude Include="..\..\src\crag\core\Vector4.h">
      <Filter>Source Files\crag\core</Filter>
    </ClInclude>
    <ClInclude Include="..\..\src\crag\core\Vector.h">
      <Filter>Source Files\crag\core</Filter>
    </ClInclude>
    <ClInclude Include="..\..\src\crag\core\VectorOps.h">
      <Filter>Source Files\crag\core</Filter>
    </ClInclude>
    <ClInclude Include="..\..\src\crag\gfx\Color.h">
      <Filter>Source Files\crag\gfx</Filter>
    </ClInclude>
    <ClInclude Include="..\..\src\crag\gfx\DebugGraphics.h">
      <Filter>Source Files\crag\gfx</Filter>
    </ClInclude>
    <ClInclude Include="..\..\src\crag\gfx\Font.h">
      <Filter>Source Files\crag\gfx</Filter>
    </ClInclude>
    <ClInclude Include="..\..\src\crag\gfx\Image.h">
      <Filter>Source Files\crag\gfx</Filter>
    </ClInclude>
    <ClInclude Include="..\..\src\crag\gfx\IndexBuffer.h">
      <Filter>Source Files\crag\gfx</Filter>
    </ClInclude>
    <ClInclude Include="..\..\src\crag\gfx\Light.h">
      <Filter>Source Files\crag\gfx</Filter>
    </ClInclude>
    <ClInclude Include="..\..\src\crag\gfx\Pov.h">
      <Filter>Source Files\crag\gfx</Filter>
    </ClInclude>
    <ClInclude Include="..\..\src\crag\gfx\Renderer.h">
      <Filter>Source Files\crag\gfx</Filter>
    </ClInclude>
    <ClInclude Include="..\..\src\crag\gfx\Scene.h">
      <Filter>Source Files\crag\gfx</Filter>
    </ClInclude>
    <ClInclude Include="..\..\src\crag\gfx\ShadowMap.h">
      <Filter>Source Files\crag\gfx</Filter>
    </ClInclude>
    <ClInclude Include="..\..\src\crag\gfx\Skybox.h">
      <Filter>Source Files\crag\gfx</Filter>
    </ClInclude>
    <ClInclude Include="..\..\src\crag\glpp\BufferObject.h">
      <Filter>Source Files\crag\glpp</Filter>
    </ClInclude>
    <ClInclude Include="..\..\src\crag\glpp\debug.h">
      <Filter>Source Files\crag\glpp</Filter>
    </ClInclude>
    <ClInclude Include="..\..\src\crag\glpp\FrameBuffer.h">
      <Filter>Source Files\crag\glpp</Filter>
    </ClInclude>
    <ClInclude Include="..\..\src\crag\glpp\gl.h">
      <Filter>Source Files\crag\glpp</Filter>
    </ClInclude>
    <ClInclude Include="..\..\src\crag\glpp\glpp.h">
      <Filter>Source Files\crag\glpp</Filter>
    </ClInclude>
    <ClInclude Include="..\..\src\crag\glpp\Ibo.h">
      <Filter>Source Files\crag\glpp</Filter>
    </ClInclude>
    <ClInclude Include="..\..\src\crag\glpp\Mesh.h">
      <Filter>Source Files\crag\glpp</Filter>
    </ClInclude>
    <ClInclude Include="..\..\src\crag\glpp\Name.h">
      <Filter>Source Files\crag\glpp</Filter>
    </ClInclude>
    <ClInclude Include="..\..\src\crag\glpp\RenderBuffer.h">
      <Filter>Source Files\crag\glpp</Filter>
    </ClInclude>
    <ClInclude Include="..\..\src\crag\glpp\Texture.h">
      <Filter>Source Files\crag\glpp</Filter>
    </ClInclude>
    <ClInclude Include="..\..\src\crag\glpp\Vbo.h">
      <Filter>Source Files\crag\glpp</Filter>
    </ClInclude>
    <ClInclude Include="..\..\src\crag\glpp\Vbo_Types.h">
      <Filter>Source Files\crag\glpp</Filter>
    </ClInclude>
    <ClInclude Include="..\..\src\crag\form\CalculateNodeScoreFunctor.h">
      <Filter>Source Files\crag\form</Filter>
    </ClInclude>
    <ClInclude Include="..\..\src\crag\form\ExpandNodeFunctor.h">
      <Filter>Source Files\crag\form</Filter>
    </ClInclude>
    <ClInclude Include="..\..\src\crag\form\Formation.h">
      <Filter>Source Files\crag\form</Filter>
    </ClInclude>
    <ClInclude Include="..\..\src\crag\form\GenerateMeshFunctor.h">
      <Filter>Source Files\crag\form</Filter>
    </ClInclude>
    <ClInclude Include="..\..\src\crag\form\Image.h">
      <Filter>Source Files\crag\form</Filter>
    </ClInclude>
    <ClInclude Include="..\..\src\crag\form\Manager.h">
      <Filter>Source Files\crag\form</Filter>
    </ClInclude>
    <ClInclude Include="..\..\src\crag\form\Mesh.h">
      <Filter>Source Files\crag\form</Filter>
    </ClInclude>
    <ClInclude Include="..\..\src\crag\form\MeshBufferObject.h">
      <Filter>Source Files\crag\form</Filter>
    </ClInclude>
    <ClInclude Include="..\..\src\crag\form\Model.h">
      <Filter>Source Files\crag\form</Filter>
    </ClInclude>
    <ClInclude Include="..\..\src\crag\form\Node.h">
      <Filter>Source Files\crag\form</Filter>
    </ClInclude>
    <ClInclude Include="..\..\src\crag\form\NodeBuffer.h">
      <Filter>Source Files\crag\form</Filter>
    </ClInclude>
    <ClInclude Include="..\..\src\crag\form\NodeFunctor.h">
      <Filter>Source Files\crag\form</Filter>
    </ClInclude>
    <ClInclude Include="..\..\src\crag\form\NodeTraversal.h">
      <Filter>Source Files\crag\form</Filter>
    </ClInclude>
    <ClInclude Include="..\..\src\crag\form\PolyTraversal.h">
      <Filter>Source Files\crag\form</Filter>
    </ClInclude>
    <ClInclude Include="..\..\src\crag\form\Quaterna.h">
      <Filter>Source Files\crag\form</Filter>
    </ClInclude>
    <ClInclude Include="..\..\src\crag\form\RootNode.h">
      <Filter>Source Files\crag\form</Filter>
    </ClInclude>
    <ClInclude Include="..\..\src\crag\form\Scene.h">
      <Filter>Source Files\crag\form</Filter>
    </ClInclude>
    <ClInclude Include="..\..\src\crag\form\SceneThread.h">
      <Filter>Source Files\crag\form</Filter>
    </ClInclude>
    <ClInclude Include="..\..\src\crag\form\Shader.h">
      <Filter>Source Files\crag\form</Filter>
    </ClInclude>
    <ClInclude Include="..\..\src\crag\form\Vertex.h">
      <Filter>Source Files\crag\form</Filter>
    </ClInclude>
    <ClInclude Include="..\..\src\crag\form\VertexBuffer.h">
      <Filter>Source Files\crag\form</Filter>
    </ClInclude>
    <ClInclude Include="..\..\src\crag\app\AppSdl.h">
      <Filter>Source Files\crag\app</Filter>
    </ClInclude>
    <ClInclude Include="..\..\src\crag\app\App.h">
      <Filter>Source Files\crag\app</Filter>
    </ClInclude>
    <ClInclude Include="..\..\src\crag\sim\Controller.h">
      <Filter>Source Files\crag\sim</Filter>
    </ClInclude>
    <ClInclude Include="..\..\src\crag\sim\defs.h">
      <Filter>Source Files\crag\sim</Filter>
    </ClInclude>
    <ClInclude Include="..\..\src\crag\sim\Entity.h">
      <Filter>Source Files\crag\sim</Filter>
    </ClInclude>
    <ClInclude Include="..\..\src\crag\sim\Firmament.h">
      <Filter>Source Files\crag\sim</Filter>
    </ClInclude>
    <ClInclude Include="..\..\src\crag\sim\FrequencyEstimator.h">
      <Filter>Source Files\crag\sim</Filter>
    </ClInclude>
    <ClInclude Include="..\..\src\crag\sim\Observer.h">
      <Filter>Source Files\crag\sim</Filter>
    </ClInclude>
    <ClInclude Include="..\..\src\crag\sim\PhysicalBody.h">
      <Filter>Source Files\crag\sim</Filter>
    </ClInclude>
    <ClInclude Include="..\..\src\crag\sim\Physics.h">
      <Filter>Source Files\crag\sim</Filter>
    </ClInclude>
    <ClInclude Include="..\..\src\crag\sim\Planet.h">
      <Filter>Source Files\crag\sim</Filter>
    </ClInclude>
    <ClInclude Include="..\..\src\crag\sim\PlanetShader.h">
      <Filter>Source Files\crag\sim</Filter>
    </ClInclude>
    <ClInclude Include="..\..\src\crag\sim\Simulation.h">
      <Filter>Source Files\crag\sim</Filter>
    </ClInclude>
    <ClInclude Include="..\..\src\crag\sim\Space.h">
      <Filter>Source Files\crag\sim</Filter>
    </ClInclude>
    <ClInclude Include="..\..\src\crag\sim\Star.h">
      <Filter>Source Files\crag\sim</Filter>
    </ClInclude>
    <ClInclude Include="..\..\src\crag\sim\Universe.h">
      <Filter>Source Files\crag\sim</Filter>
    </ClInclude>
    <ClInclude Include="..\..\src\crag\sim\UserInput.h">
      <Filter>Source Files\crag\sim</Filter>
    </ClInclude>
    <ClInclude Include="..\..\src\crag\pch.h">
      <Filter>Source Files\crag</Filter>
    </ClInclude>
    <ClInclude Include="..\..\src\crag\core\Mutex.h">
      <Filter>Source Files\crag\core</Filter>
    </ClInclude>
    <ClInclude Include="..\..\src\crag\form\Point.h">
      <Filter>Source Files\crag\form</Filter>
    </ClInclude>
    <ClInclude Include="..\..\src\crag\form\PointBuffer.h">
      <Filter>Source Files\crag\form</Filter>
    </ClInclude>
  </ItemGroup>
  <ItemGroup>
    <ClCompile Include="..\..\src\crag\core\ConfigEntry.cpp">
      <Filter>Source Files\crag\core</Filter>
    </ClCompile>
    <ClCompile Include="..\..\src\crag\core\ConfigManager.cpp">
      <Filter>Source Files\crag\core</Filter>
    </ClCompile>
    <ClCompile Include="..\..\src\crag\core\debug.cpp">
      <Filter>Source Files\crag\core</Filter>
    </ClCompile>
    <ClCompile Include="..\..\src\crag\core\memory.cpp">
      <Filter>Source Files\crag\core</Filter>
    </ClCompile>
    <ClCompile Include="..\..\src\crag\core\Random.cpp">
      <Filter>Source Files\crag\core</Filter>
    </ClCompile>
    <ClCompile Include="..\..\src\crag\gfx\DebugGraphics.cpp">
      <Filter>Source Files\crag\gfx</Filter>
    </ClCompile>
    <ClCompile Include="..\..\src\crag\gfx\Font.cpp">
      <Filter>Source Files\crag\gfx</Filter>
    </ClCompile>
    <ClCompile Include="..\..\src\crag\gfx\Image.cpp">
      <Filter>Source Files\crag\gfx</Filter>
    </ClCompile>
    <ClCompile Include="..\..\src\crag\gfx\IndexBuffer.cpp">
      <Filter>Source Files\crag\gfx</Filter>
    </ClCompile>
    <ClCompile Include="..\..\src\crag\gfx\Light.cpp">
      <Filter>Source Files\crag\gfx</Filter>
    </ClCompile>
    <ClCompile Include="..\..\src\crag\gfx\Pov.cpp">
      <Filter>Source Files\crag\gfx</Filter>
    </ClCompile>
    <ClCompile Include="..\..\src\crag\gfx\Renderer.cpp">
      <Filter>Source Files\crag\gfx</Filter>
    </ClCompile>
    <ClCompile Include="..\..\src\crag\gfx\Scene.cpp">
      <Filter>Source Files\crag\gfx</Filter>
    </ClCompile>
    <ClCompile Include="..\..\src\crag\gfx\ShadowMap.cpp">
      <Filter>Source Files\crag\gfx</Filter>
    </ClCompile>
    <ClCompile Include="..\..\src\crag\gfx\Skybox.cpp">
      <Filter>Source Files\crag\gfx</Filter>
    </ClCompile>
    <ClCompile Include="..\..\src\crag\form\Formation.cpp">
      <Filter>Source Files\crag\form</Filter>
    </ClCompile>
    <ClCompile Include="..\..\src\crag\form\GenerateMeshFunctor.cpp">
      <Filter>Source Files\crag\form</Filter>
    </ClCompile>
    <ClCompile Include="..\..\src\crag\form\Image.cpp">
      <Filter>Source Files\crag\form</Filter>
    </ClCompile>
    <ClCompile Include="..\..\src\crag\form\Manager.cpp">
      <Filter>Source Files\crag\form</Filter>
    </ClCompile>
    <ClCompile Include="..\..\src\crag\form\Mesh.cpp">
      <Filter>Source Files\crag\form</Filter>
    </ClCompile>
    <ClCompile Include="..\..\src\crag\form\MeshBufferObject.cpp">
      <Filter>Source Files\crag\form</Filter>
    </ClCompile>
    <ClCompile Include="..\..\src\crag\form\Model.cpp">
      <Filter>Source Files\crag\form</Filter>
    </ClCompile>
    <ClCompile Include="..\..\src\crag\form\Node.cpp">
      <Filter>Source Files\crag\form</Filter>
    </ClCompile>
    <ClCompile Include="..\..\src\crag\form\NodeBuffer.cpp">
      <Filter>Source Files\crag\form</Filter>
    </ClCompile>
    <ClCompile Include="..\..\src\crag\form\RootNode.cpp">
      <Filter>Source Files\crag\form</Filter>
    </ClCompile>
    <ClCompile Include="..\..\src\crag\form\Scene.cpp">
      <Filter>Source Files\crag\form</Filter>
    </ClCompile>
    <ClCompile Include="..\..\src\crag\form\SceneThread.cpp">
      <Filter>Source Files\crag\form</Filter>
    </ClCompile>
    <ClCompile Include="..\..\src\crag\form\Vertex.cpp">
      <Filter>Source Files\crag\form</Filter>
    </ClCompile>
    <ClCompile Include="..\..\src\crag\form\VertexBuffer.cpp">
      <Filter>Source Files\crag\form</Filter>
    </ClCompile>
    <ClCompile Include="..\..\src\crag\app\App.cpp">
      <Filter>Source Files\crag\app</Filter>
    </ClCompile>
    <ClCompile Include="..\..\src\crag\app\AppSdl.cpp">
      <Filter>Source Files\crag\app</Filter>
    </ClCompile>
    <ClCompile Include="..\..\src\crag\sim\Controller.cpp">
      <Filter>Source Files\crag\sim</Filter>
    </ClCompile>
    <ClCompile Include="..\..\src\crag\sim\Entity.cpp">
      <Filter>Source Files\crag\sim</Filter>
    </ClCompile>
    <ClCompile Include="..\..\src\crag\sim\Firmament.cpp">
      <Filter>Source Files\crag\sim</Filter>
    </ClCompile>
    <ClCompile Include="..\..\src\crag\sim\FrequencyEstimator.cpp">
      <Filter>Source Files\crag\sim</Filter>
    </ClCompile>
    <ClCompile Include="..\..\src\crag\sim\Observer.cpp">
      <Filter>Source Files\crag\sim</Filter>
    </ClCompile>
    <ClCompile Include="..\..\src\crag\sim\PhysicalBody.cpp">
      <Filter>Source Files\crag\sim</Filter>
    </ClCompile>
    <ClCompile Include="..\..\src\crag\sim\Physics.cpp">
      <Filter>Source Files\crag\sim</Filter>
    </ClCompile>
    <ClCompile Include="..\..\src\crag\sim\Planet.cpp">
      <Filter>Source Files\crag\sim</Filter>
    </ClCompile>
    <ClCompile Include="..\..\src\crag\sim\PlanetShader.cpp">
      <Filter>Source Files\crag\sim</Filter>
    </ClCompile>
    <ClCompile Include="..\..\src\crag\sim\Simulation.cpp">
      <Filter>Source Files\crag\sim</Filter>
    </ClCompile>
    <ClCompile Include="..\..\src\crag\sim\Star.cpp">
      <Filter>Source Files\crag\sim</Filter>
    </ClCompile>
    <ClCompile Include="..\..\src\crag\sim\Universe.cpp">
      <Filter>Source Files\crag\sim</Filter>
    </ClCompile>
    <ClCompile Include="..\..\src\crag\sim\UserInput.cpp">
      <Filter>Source Files\crag\sim</Filter>
    </ClCompile>
    <ClCompile Include="..\..\src\crag\main.cpp">
      <Filter>Source Files\crag</Filter>
    </ClCompile>
    <ClCompile Include="..\..\src\crag\pch.cpp">
      <Filter>Source Files\crag</Filter>
    </ClCompile>
    <ClCompile Include="..\..\src\crag\core\Mutex.cpp">
      <Filter>Source Files\crag\core</Filter>
    </ClCompile>
    <ClCompile Include="..\..\src\crag\core\Thread.cpp">
      <Filter>Source Files\crag\core</Filter>
    </ClCompile>
    <ClCompile Include="..\..\src\crag\form\PointBuffer.cpp">
      <Filter>Source Files\crag\form</Filter>
    </ClCompile>
    <ClCompile Include="..\..\src\crag\form\Point.cpp">
      <Filter>Source Files\crag\form</Filter>
    </ClCompile>
  </ItemGroup>
  <ItemGroup>
    <None Include="..\..\src\crag\COPYING">
      <Filter>Source Files\crag</Filter>
    </None>
    <None Include="..\..\src\crag\readme.html">
      <Filter>Source Files\crag</Filter>
    </None>
  </ItemGroup>
</Project>